Microsoft Visual Studio Solution File, Format Version 12.00
# Visual Studio Version 17
VisualStudioVersion = 17.5.2.0
MinimumVisualStudioVersion = 10.0.40219.1
Project("{FAE04EC0-301F-11D3-BF4B-00C04F79EFBC}") = "TypeAheadApi", "TypeAheadApi.csproj", "{AFF7BE1B-FBA2-AA5D-0B07-6A784F25B5AA}"
EndProject
Global
	GlobalSection(SolutionConfigurationPlatforms) = preSolution
		Debug|Any CPU = Debug|Any CPU
		Release|Any CPU = Release|Any CPU
	EndGlobalSection
	GlobalSection(ProjectConfigurationPlatforms) = postSolution
		{AFF7BE1B-FBA2-AA5D-0B07-6A784F25B5AA}.Debug|Any CPU.ActiveCfg = Debug|Any CPU
		{AFF7BE1B-FBA2-AA5D-0B07-6A784F25B5AA}.Debug|Any CPU.Build.0 = Debug|Any CPU
		{AFF7BE1B-FBA2-AA5D-0B07-6A784F25B5AA}.Release|Any CPU.ActiveCfg = Release|Any CPU
		{AFF7BE1B-FBA2-AA5D-0B07-6A784F25B5AA}.Release|Any CPU.Build.0 = Release|Any CPU
	EndGlobalSection
	GlobalSection(SolutionProperties) = preSolution
		HideSolutionNode = FALSE
	EndGlobalSection
	GlobalSection(ExtensibilityGlobals) = postSolution
		SolutionGuid = {7452351F-0ABE-46A8-86A4-454835D9310E}
	EndGlobalSection
EndGlobal
